
Microsoft Visual Studio Solution File, Format Version 12.00
# Visual Studio 15
VisualStudioVersion = 15.0.28307.1684
MinimumVisualStudioVersion = 10.0.40219.1
Project("{FAE04EC0-301F-11D3-BF4B-00C04F79EFBC}") = "MvcOnlineTicariOtomasyon", "MvcOnlineTicariOtomasyon\MvcOnlineTicariOtomasyon.csproj", "{ACF1ACD7-08C0-4286-A50F-930E89111F66}"
EndProject
Global
	GlobalSection(SolutionConfigurationPlatforms) = preSolution
		Debug|Any CPU = Debug|Any CPU
		Release|Any CPU = Release|Any CPU
	EndGlobalSection
	GlobalSection(ProjectConfigurationPlatforms) = postSolution
		{ACF1ACD7-08C0-4286-A50F-930E89111F66}.Debug|Any CPU.ActiveCfg = Debug|Any CPU
		{ACF1ACD7-08C0-4286-A50F-930E89111F66}.Debug|Any CPU.Build.0 = Debug|Any CPU
		{ACF1ACD7-08C0-4286-A50F-930E89111F66}.Release|Any CPU.ActiveCfg = Release|Any CPU
		{ACF1ACD7-08C0-4286-A50F-930E89111F66}.Release|Any CPU.Build.0 = Release|Any CPU
	EndGlobalSection
	GlobalSection(SolutionProperties) = preSolution
		HideSolutionNode = FALSE
	EndGlobalSection
	GlobalSection(ExtensibilityGlobals) = postSolution
		SolutionGuid = {90A11FE5-0110-403D-A453-7B04A7650052}
	EndGlobalSection
EndGlobal
